{
  "name": "beamsocket-monorepo",
  "lockfileVersion": 3,
  "requires": true,
  "packages": {
    "": {
      "name": "beamsocket-monorepo",
      "workspaces": [
        "packages/*"
      ]
    },
    "node_modules/@types/node": {
      "version": "20.19.43",
      "resolved": "https://registry.npmjs.org/@types/node/-/node-20.19.43.tgz",
      "integrity": "sha512-6oYBAi5ikg4Pl+kGsoYtawUMBT2zZMCvPNF7pVLnHZfd1zf38DRiWn/gT01RYCdUqkv7Fhr+C9ot4/tb+2sVvA==",
      "dev": true,
      "dependencies": {
        "undici-types": "~6.21.0"
      }
    },
    "node_modules/beamsocket": {
      "resolved": "packages/beamsocket",
      "link": true
    },
    "node_modules/beamsocket-darwin-arm64": {
      "version": "0.1.0-alpha.0",
      "resolved": "https://registry.npmjs.org/beamsocket-darwin-arm64/-/beamsocket-darwin-arm64-0.1.0-alpha.0.tgz",
      "integrity": "sha512-5MPVibg5pPPqhp+0OQu45dOxe0jVXkXHEpV2vGYv/A/S1Ds/NIfgiQwZroYF3LiCpAqnIoxpWG9DPaL0NDY5kA==",
      "cpu": [
        "arm64"
      ],
      "license": "MIT",
      "optional": true,
      "os": [
        "darwin"
      ],
      "engines": {
        "node": ">= 18"
      }
    },
    "node_modules/beamsocket-linux-x64-gnu": {
      "version": "0.1.0-alpha.0",
      "resolved": "https://registry.npmjs.org/beamsocket-linux-x64-gnu/-/beamsocket-linux-x64-gnu-0.1.0-alpha.0.tgz",
      "integrity": "sha512-XOZtkQUA+KRpZSUX1hyX40M3Sfnu05pd8E9I19aw0OXmUSagbZe3zuFtHStlIjqFJ1M/BoS/aig+ZmzglTMM4g==",
      "cpu": [
        "x64"
      ],
      "license": "MIT",
      "optional": true,
      "os": [
        "linux"
      ],
      "engines": {
        "node": ">= 18"
      }
    },
    "node_modules/beamsocket-win32-x64-msvc": {
      "version": "0.1.0-alpha.0",
      "resolved": "https://registry.npmjs.org/beamsocket-win32-x64-msvc/-/beamsocket-win32-x64-msvc-0.1.0-alpha.0.tgz",
      "integrity": "sha512-cMR/sXdvzhygyz1QcB9Se6xlx0IAI3L/PSvFtjzIfZMPbR5MJkjGrvWUCRY63MBhWAXXpUdmKMXG48B+5pE4XQ==",
      "cpu": [
        "x64"
      ],
      "license": "MIT",
      "optional": true,
      "os": [
        "win32"
      ],
      "engines": {
        "node": ">= 18"
      }
    },
    "node_modules/typescript": {
      "version": "5.9.3",
      "resolved": "https://registry.npmjs.org/typescript/-/typescript-5.9.3.tgz",
      "integrity": "sha512-jl1vZzPDinLr9eUt3J/t7V6FgNEw9QjvBPdysz9KfQDD41fQrC2Y4vKQdiaUpFT4bXlb1RHhLpp8wtm6M5TgSw==",
      "dev": true,
      "bin": {
        "tsc": "bin/tsc",
        "tsserver": "bin/tsserver"
      },
      "engines": {
        "node": ">=14.17"
      }
    },
    "node_modules/undici-types": {
      "version": "6.21.0",
      "resolved": "https://registry.npmjs.org/undici-types/-/undici-types-6.21.0.tgz",
      "integrity": "sha512-iwDZqg0QAGrg9Rav5H4n0M64c3mkR59cJ6wQp+7C4nI0gsmExaedaYLNO44eT4AtBBwjbTiGPMlt2Md0T9H9JQ==",
      "dev": true
    },
    "node_modules/ws": {
      "version": "8.21.0",
      "resolved": "https://registry.npmjs.org/ws/-/ws-8.21.0.tgz",
      "integrity": "sha512-Vsp28b7DRcimFQvrqu2Wek3z1iYxDCWqHYB8Qsnk/S4RfaCQzPGPyBNuVjJV3cd6UiKtUtp6sNM77gWvzcCH+g==",
      "dev": true,
      "engines": {
        "node": ">=10.0.0"
      },
      "peerDependencies": {
        "bufferutil": "^4.0.1",
        "utf-8-validate": ">=5.0.2"
      },
      "peerDependenciesMeta": {
        "bufferutil": {
          "optional": true
        },
        "utf-8-validate": {
          "optional": true
        }
      }
    },
    "packages/beamsocket": {
      "version": "0.1.0-alpha.0",
      "license": "MIT",
      "devDependencies": {
        "@types/node": "^20.14.0",
        "typescript": "^5.5.0",
        "ws": "^8.18.0"
      },
      "optionalDependencies": {
        "beamsocket-darwin-arm64": "0.1.0-alpha.0",
        "beamsocket-linux-x64-gnu": "0.1.0-alpha.0",
        "beamsocket-win32-x64-msvc": "0.1.0-alpha.0"
      }
    }
  }
}
